
Microsoft Visual Studio Solution File, Format Version 12.00
# Visual Studio 2012
Project("{FAE04EC0-301F-11D3-BF4B-00C04F79EFBC}") = "HotelBooking", "HotelBooking.csproj", "{717E0BF8-3F03-4D32-ABB7-202066107EC9}"
EndProject
Project("{FAE04EC0-301F-11D3-BF4B-00C04F79EFBC}") = "BUS", "..\BUS\BUS.csproj", "{361D8E71-D088-4C18-976B-91F3C4794740}"
EndProject
Project("{FAE04EC0-301F-11D3-BF4B-00C04F79EFBC}") = "DAO", "..\DAO\DAO.csproj", "{D4DBD757-755C-43F5-A604-3F0826199A73}"
EndProject
Project("{FAE04EC0-301F-11D3-BF4B-00C04F79EFBC}") = "DTO", "..\DTO\DTO.csproj", "{EF1A09AE-E1CE-47CC-91F8-8E554540F41A}"
EndProject
Project("{FAE04EC0-301F-11D3-BF4B-00C04F79EFBC}") = "ManagePlugin", "..\ManagePlugin\ManagePlugin.csproj", "{39888828-1CD8-494B-A8BE-8D9967410F54}"
EndProject
Project("{FAE04EC0-301F-11D3-BF4B-00C04F79EFBC}") = "PluginMaxCus", "..\PluginMaxCus\PluginMaxCus.csproj", "{8C7C26AF-BE3F-4F26-959C-FBFB4B1BB0EA}"
EndProject
Project("{FAE04EC0-301F-11D3-BF4B-00C04F79EFBC}") = "PluginCoefficient", "..\PluginCoefficient\PluginCoefficient.csproj", "{7E9D6BD9-EB75-4B06-84F3-53FAB114EDA5}"
EndProject
Project("{FAE04EC0-301F-11D3-BF4B-00C04F79EFBC}") = "PluginAdditional", "..\PluginAdditional\PluginAdditional.csproj", "{83A384DF-CFC6-4A61-BB30-48E8A2556989}"
EndProject
Global
	GlobalSection(SolutionConfigurationPlatforms) = preSolution
		Debug|Any CPU = Debug|Any CPU
		Release|Any CPU = Release|Any CPU
	EndGlobalSection
	GlobalSection(ProjectConfigurationPlatforms) = postSolution
		{717E0BF8-3F03-4D32-ABB7-202066107EC9}.Debug|Any CPU.ActiveCfg = Debug|Any CPU
		{717E0BF8-3F03-4D32-ABB7-202066107EC9}.Debug|Any CPU.Build.0 = Debug|Any CPU
		{717E0BF8-3F03-4D32-ABB7-202066107EC9}.Release|Any CPU.ActiveCfg = Release|Any CPU
		{717E0BF8-3F03-4D32-ABB7-202066107EC9}.Release|Any CPU.Build.0 = Release|Any CPU
		{361D8E71-D088-4C18-976B-91F3C4794740}.Debug|Any CPU.ActiveCfg = Debug|Any CPU
		{361D8E71-D088-4C18-976B-91F3C4794740}.Debug|Any CPU.Build.0 = Debug|Any CPU
		{361D8E71-D088-4C18-976B-91F3C4794740}.Release|Any CPU.ActiveCfg = Release|Any CPU
		{361D8E71-D088-4C18-976B-91F3C4794740}.Release|Any CPU.Build.0 = Release|Any CPU
		{D4DBD757-755C-43F5-A604-3F0826199A73}.Debug|Any CPU.ActiveCfg = Debug|Any CPU
		{D4DBD757-755C-43F5-A604-3F0826199A73}.Debug|Any CPU.Build.0 = Debug|Any CPU
		{D4DBD757-755C-43F5-A604-3F0826199A73}.Release|Any CPU.ActiveCfg = Release|Any CPU
		{D4DBD757-755C-43F5-A604-3F0826199A73}.Release|Any CPU.Build.0 = Release|Any CPU
		{EF1A09AE-E1CE-47CC-91F8-8E554540F41A}.Debug|Any CPU.ActiveCfg = Debug|Any CPU
		{EF1A09AE-E1CE-47CC-91F8-8E554540F41A}.Debug|Any CPU.Build.0 = Debug|Any CPU
		{EF1A09AE-E1CE-47CC-91F8-8E554540F41A}.Release|Any CPU.ActiveCfg = Release|Any CPU
		{EF1A09AE-E1CE-47CC-91F8-8E554540F41A}.Release|Any CPU.Build.0 = Release|Any CPU
		{39888828-1CD8-494B-A8BE-8D9967410F54}.Debug|Any CPU.ActiveCfg = Debug|Any CPU
		{39888828-1CD8-494B-A8BE-8D9967410F54}.Debug|Any CPU.Build.0 = Debug|Any CPU
		{39888828-1CD8-494B-A8BE-8D9967410F54}.Release|Any CPU.ActiveCfg = Release|Any CPU
		{39888828-1CD8-494B-A8BE-8D9967410F54}.Release|Any CPU.Build.0 = Release|Any CPU
		{8C7C26AF-BE3F-4F26-959C-FBFB4B1BB0EA}.Debug|Any CPU.ActiveCfg = Debug|Any CPU
		{8C7C26AF-BE3F-4F26-959C-FBFB4B1BB0EA}.Debug|Any CPU.Build.0 = Debug|Any CPU
		{8C7C26AF-BE3F-4F26-959C-FBFB4B1BB0EA}.Release|Any CPU.ActiveCfg = Release|Any CPU
		{8C7C26AF-BE3F-4F26-959C-FBFB4B1BB0EA}.Release|Any CPU.Build.0 = Release|Any CPU
		{7E9D6BD9-EB75-4B06-84F3-53FAB114EDA5}.Debug|Any CPU.ActiveCfg = Debug|Any CPU
		{7E9D6BD9-EB75-4B06-84F3-53FAB114EDA5}.Debug|Any CPU.Build.0 = Debug|Any CPU
		{7E9D6BD9-EB75-4B06-84F3-53FAB114EDA5}.Release|Any CPU.ActiveCfg = Release|Any CPU
		{7E9D6BD9-EB75-4B06-84F3-53FAB114EDA5}.Release|Any CPU.Build.0 = Release|Any CPU
		{83A384DF-CFC6-4A61-BB30-48E8A2556989}.Debug|Any CPU.ActiveCfg = Debug|Any CPU
		{83A384DF-CFC6-4A61-BB30-48E8A2556989}.Debug|Any CPU.Build.0 = Debug|Any CPU
		{83A384DF-CFC6-4A61-BB30-48E8A2556989}.Release|Any CPU.ActiveCfg = Release|Any CPU
		{83A384DF-CFC6-4A61-BB30-48E8A2556989}.Release|Any CPU.Build.0 = Release|Any CPU
	EndGlobalSection
	GlobalSection(SolutionProperties) = preSolution
		HideSolutionNode = FALSE
	EndGlobalSection
EndGlobal
